
Microsoft Visual Studio Solution File, Format Version 12.00
# Visual Studio Version 16
VisualStudioVersion = 16.0.31205.134
MinimumVisualStudioVersion = 10.0.40219.1
Project("{FAE04EC0-301F-11D3-BF4B-00C04F79EFBC}") = "PedidosSuperPollo.Android", "PedidosSuperPollo\PedidosSuperPollo.Android\PedidosSuperPollo.Android.csproj", "{847A9658-6162-4112-94C6-D576076CE697}"
EndProject
Project("{FAE04EC0-301F-11D3-BF4B-00C04F79EFBC}") = "PedidosSuperPollo", "PedidosSuperPollo\PedidosSuperPollo\PedidosSuperPollo.csproj", "{C4415CC2-10D1-491A-9C60-D1499BF9B6AE}"
EndProject
Global
	GlobalSection(SolutionConfigurationPlatforms) = preSolution
		Debug|Any CPU = Debug|Any CPU
		Release|Any CPU = Release|Any CPU
	EndGlobalSection
	GlobalSection(ProjectConfigurationPlatforms) = postSolution
		{847A9658-6162-4112-94C6-D576076CE697}.Debug|Any CPU.ActiveCfg = Debug|Any CPU
		{847A9658-6162-4112-94C6-D576076CE697}.Debug|Any CPU.Build.0 = Debug|Any CPU
		{847A9658-6162-4112-94C6-D576076CE697}.Debug|Any CPU.Deploy.0 = Debug|Any CPU
		{847A9658-6162-4112-94C6-D576076CE697}.Release|Any CPU.ActiveCfg = Release|Any CPU
		{847A9658-6162-4112-94C6-D576076CE697}.Release|Any CPU.Build.0 = Release|Any CPU
		{847A9658-6162-4112-94C6-D576076CE697}.Release|Any CPU.Deploy.0 = Release|Any CPU
		{C4415CC2-10D1-491A-9C60-D1499BF9B6AE}.Debug|Any CPU.ActiveCfg = Debug|Any CPU
		{C4415CC2-10D1-491A-9C60-D1499BF9B6AE}.Debug|Any CPU.Build.0 = Debug|Any CPU
		{C4415CC2-10D1-491A-9C60-D1499BF9B6AE}.Debug|Any CPU.Deploy.0 = Debug|Any CPU
		{C4415CC2-10D1-491A-9C60-D1499BF9B6AE}.Release|Any CPU.ActiveCfg = Release|Any CPU
		{C4415CC2-10D1-491A-9C60-D1499BF9B6AE}.Release|Any CPU.Build.0 = Release|Any CPU
		{C4415CC2-10D1-491A-9C60-D1499BF9B6AE}.Release|Any CPU.Deploy.0 = Release|Any CPU
	EndGlobalSection
	GlobalSection(SolutionProperties) = preSolution
		HideSolutionNode = FALSE
	EndGlobalSection
	GlobalSection(ExtensibilityGlobals) = postSolution
		SolutionGuid = {0255453A-06B7-402C-86C6-9AC4CD029B9F}
	EndGlobalSection
EndGlobal
